
Microsoft Visual Studio Solution File, Format Version 12.00
# Visual Studio Version 16
VisualStudioVersion = 16.0.29324.140
MinimumVisualStudioVersion = 10.0.40219.1
Project("{FAE04EC0-301F-11D3-BF4B-00C04F79EFBC}") = "WebApplication2", "WebApplication2.csproj", "{8A4937DA-9A5B-41D8-A5AF-B5114FCBA1D3}"
EndProject
Global
	GlobalSection(SolutionConfigurationPlatforms) = preSolution
		Debug|Any CPU = Debug|Any CPU
		Release|Any CPU = Release|Any CPU
	EndGlobalSection
	GlobalSection(ProjectConfigurationPlatforms) = postSolution
		{8A4937DA-9A5B-41D8-A5AF-B5114FCBA1D3}.Debug|Any CPU.ActiveCfg = Debug|Any CPU
		{8A4937DA-9A5B-41D8-A5AF-B5114FCBA1D3}.Debug|Any CPU.Build.0 = Debug|Any CPU
		{8A4937DA-9A5B-41D8-A5AF-B5114FCBA1D3}.Release|Any CPU.ActiveCfg = Release|Any CPU
		{8A4937DA-9A5B-41D8-A5AF-B5114FCBA1D3}.Release|Any CPU.Build.0 = Release|Any CPU
	EndGlobalSection
	GlobalSection(SolutionProperties) = preSolution
		HideSolutionNode = FALSE
	EndGlobalSection
	GlobalSection(ExtensibilityGlobals) = postSolution
		SolutionGuid = {B799BC09-BB22-4D1B-A8CD-3A104C9BD116}
	EndGlobalSection
EndGlobal
